// !$*UTF8*$!
{
	archiveVersion = 1;
	classes = {
	};
	objectVersion = 50;
	objects = {

/* Begin PBXBuildFile section */
		68272A792608E8D000041242 /* JukeBoxApp.swift in Sources */ = {isa = PBXBuildFile; fileRef = 68272A782608E8D000041242 /* JukeBoxApp.swift */; };
		68272A7B2608E8D000041242 /* ContentView.swift in Sources */ = {isa = PBXBuildFile; fileRef = 68272A7A2608E8D000041242 /* ContentView.swift */; };
		68272A7D2608E8D100041242 /* Assets.xcassets in Resources */ = {isa = PBXBuildFile; fileRef = 68272A7C2608E8D100041242 /* Assets.xcassets */; };
		68272A802608E8D100041242 /* Preview Assets.xcassets in Resources */ = {isa = PBXBuildFile; fileRef = 68272A7F2608E8D100041242 /* Preview Assets.xcassets */; };
		68272A8B2608E8D100041242 /* JukeBoxTests.swift in Sources */ = {isa = PBXBuildFile; fileRef = 68272A8A2608E8D100041242 /* JukeBoxTests.swift */; };
		68272A962608E8D100041242 /* JukeBoxUITests.swift in Sources */ = {isa = PBXBuildFile; fileRef = 68272A952608E8D100041242 /* JukeBoxUITests.swift */; };
/* End PBXBuildFile section */

/* Begin PBXContainerItemProxy section */
		68272A872608E8D100041242 /* PBXContainerItemProxy */ = {
			isa = PBXContainerItemProxy;
			containerPortal = 68272A6D2608E8D000041242 /* Project object */;
			proxyType = 1;
			remoteGlobalIDString = 68272A742608E8D000041242;
			remoteInfo = JukeBox;
		};
		68272A922608E8D100041242 /* PBXContainerItemProxy */ = {
			isa = PBXContainerItemProxy;
			containerPortal = 68272A6D2608E8D000041242 /* Project object */;
			proxyType = 1;
			remoteGlobalIDString = 68272A742608E8D000041242;
			remoteInfo = JukeBox;
		};
/* End PBXContainerItemProxy section */

/* Begin PBXFileReference section */
		68272A752608E8D000041242 /* JukeBox.app */ = {isa = PBXFileReference; explicitFileType = wrapper.application; includeInIndex = 0; path = JukeBox.app; sourceTree = BUILT_PRODUCTS_DIR; };
		68272A782608E8D000041242 /* JukeBoxApp.swift */ = {isa = PBXFileReference; lastKnownFileType = sourcecode.swift; path = JukeBoxApp.swift; sourceTree = "<group>"; };
		68272A7A2608E8D000041242 /* ContentView.swift */ = {isa = PBXFileReference; lastKnownFileType = sourcecode.swift; path = ContentView.swift; sourceTree = "<group>"; };
		68272A7C2608E8D100041242 /* Assets.xcassets */ = {isa = PBXFileReference; lastKnownFileType = folder.assetcatalog; path = Assets.xcassets; sourceTree = "<group>"; };
		68272A7F2608E8D100041242 /* Preview Assets.xcassets */ = {isa = PBXFileReference; lastKnownFileType = folder.assetcatalog; path = "Preview Assets.xcassets"; sourceTree = "<group>"; };
		68272A812608E8D100041242 /* Info.plist */ = {isa = PBXFileReference; lastKnownFileType = text.plist.xml; path = Info.plist; sourceTree = "<group>"; };
		68272A862608E8D100041242 /* JukeBoxTests.xctest */ = {isa = PBXFileReference; explicitFileType = wrapper.cfbundle; includeInIndex = 0; path = JukeBoxTests.xctest; sourceTree = BUILT_PRODUCTS_DIR; };
		68272A8A2608E8D100041242 /* JukeBoxTests.swift */ = {isa = PBXFileReference; lastKnownFileType = sourcecode.swift; path = JukeBoxTests.swift; sourceTree = "<group>"; };
		68272A8C2608E8D100041242 /* Info.plist */ = {isa = PBXFileReference; lastKnownFileType = text.plist.xml; path = Info.plist; sourceTree = "<group>"; };
		68272A912608E8D100041242 /* JukeBoxUITests.xctest */ = {isa = PBXFileReference; explicitFileType = wrapper.cfbundle; includeInIndex = 0; path = JukeBoxUITests.xctest; sourceTree = BUILT_PRODUCTS_DIR; };
		68272A952608E8D100041242 /* JukeBoxUITests.swift */ = {isa = PBXFileReference; lastKnownFileType = sourcecode.swift; path = JukeBoxUITests.swift; sourceTree = "<group>"; };
		68272A972608E8D100041242 /* Info.plist */ = {isa = PBXFileReference; lastKnownFileType = text.plist.xml; path = Info.plist; sourceTree = "<group>"; };
/* End PBXFileReference section */

/* Begin PBXFrameworksBuildPhase section */
		68272A722608E8D000041242 /* Frameworks */ = {
			isa = PBXFrameworksBuildPhase;
			buildActionMask = 2147483647;
			files = (
			);
			runOnlyForDeploymentPostprocessing = 0;
		};
		68272A832608E8D100041242 /* Frameworks */ = {
			isa = PBXFrameworksBuildPhase;
			buildActionMask = 2147483647;
			files = (
			);
			runOnlyForDeploymentPostprocessing = 0;
		};
		68272A8E2608E8D100041242 /* Frameworks */ = {
			isa = PBXFrameworksBuildPhase;
			buildActionMask = 2147483647;
			files = (
			);
			runOnlyForDeploymentPostprocessing = 0;
		};
/* End PBXFrameworksBuildPhase section */

/* Begin PBXGroup section */
		68272A6C2608E8D000041242 = {
			isa = PBXGroup;
			children = (
				68272A772608E8D000041242 /* JukeBox */,
				68272A892608E8D100041242 /* JukeBoxTests */,
				68272A942608E8D100041242 /* JukeBoxUITests */,
				68272A762608E8D000041242 /* Products */,
			);
			sourceTree = "<group>";
		};
		68272A762608E8D000041242 /* Products */ = {
			isa = PBXGroup;
			children = (
				68272A752608E8D000041242 /* JukeBox.app */,
				68272A862608E8D100041242 /* JukeBoxTests.xctest */,
				68272A912608E8D100041242 /* JukeBoxUITests.xctest */,
			);
			name = Products;
			sourceTree = "<group>";
		};
		68272A772608E8D000041242 /* JukeBox */ = {
			isa = PBXGroup;
			children = (
				68272A782608E8D000041242 /* JukeBoxApp.swift */,
				68272A7A2608E8D000041242 /* ContentView.swift */,
				68272A7C2608E8D100041242 /* Assets.xcassets */,
				68272A812608E8D100041242 /* Info.plist */,
				68272A7E2608E8D100041242 /* Preview Content */,
			);
			path = JukeBox;
			sourceTree = "<group>";
		};
		68272A7E2608E8D100041242 /* Preview Content */ = {
			isa = PBXGroup;
			children = (
				68272A7F2608E8D100041242 /* Preview Assets.xcassets */,
			);
			path = "Preview Content";
			sourceTree = "<group>";
		};
		68272A892608E8D100041242 /* JukeBoxTests */ = {
			isa = PBXGroup;
			children = (
				68272A8A2608E8D100041242 /* JukeBoxTests.swift */,
				68272A8C2608E8D100041242 /* Info.plist */,
			);
			path = JukeBoxTests;
			sourceTree = "<group>";
		};
		68272A942608E8D100041242 /* JukeBoxUITests */ = {
			isa = PBXGroup;
			children = (
				68272A952608E8D100041242 /* JukeBoxUITests.swift */,
				68272A972608E8D100041242 /* Info.plist */,
			);
			path = JukeBoxUITests;
			sourceTree = "<group>";
		};
/* End PBXGroup section */

/* Begin PBXNativeTarget section */
		68272A742608E8D000041242 /* JukeBox */ = {
			isa = PBXNativeTarget;
			buildConfigurationList = 68272A9A2608E8D100041242 /* Build configuration list for PBXNativeTarget "JukeBox" */;
			buildPhases = (
				68272A712608E8D000041242 /* Sources */,
				68272A722608E8D000041242 /* Frameworks */,
				68272A732608E8D000041242 /* Resources */,
			);
			buildRules = (
			);
			dependencies = (
			);
			name = JukeBox;
			productName = JukeBox;
			productReference = 68272A752608E8D000041242 /* JukeBox.app */;
			productType = "com.apple.product-type.application";
		};
		68272A852608E8D100041242 /* JukeBoxTests */ = {
			isa = PBXNativeTarget;
			buildConfigurationList = 68272A9D2608E8D100041242 /* Build configuration list for PBXNativeTarget "JukeBoxTests" */;
			buildPhases = (
				68272A822608E8D100041242 /* Sources */,
				68272A832608E8D100041242 /* Frameworks */,
				68272A842608E8D100041242 /* Resources */,
			);
			buildRules = (
			);
			dependencies = (
				68272A882608E8D100041242 /* PBXTargetDependency */,
			);
			name = JukeBoxTests;
			productName = JukeBoxTests;
			productReference = 68272A862608E8D100041242 /* JukeBoxTests.xctest */;
			productType = "com.apple.product-type.bundle.unit-test";
		};
		68272A902608E8D100041242 /* JukeBoxUITests */ = {
			isa = PBXNativeTarget;
			buildConfigurationList = 68272AA02608E8D100041242 /* Build configuration list for PBXNativeTarget "JukeBoxUITests" */;
			buildPhases = (
				68272A8D2608E8D100041242 /* Sources */,
				68272A8E2608E8D100041242 /* Frameworks */,
				68272A8F2608E8D100041242 /* Resources */,
			);
			buildRules = (
			);
			dependencies = (
				68272A932608E8D100041242 /* PBXTargetDependency */,
			);
			name = JukeBoxUITests;
			productName = JukeBoxUITests;
			productReference = 68272A912608E8D100041242 /* JukeBoxUITests.xctest */;
			productType = "com.apple.product-type.bundle.ui-testing";
		};
/* End PBXNativeTarget section */

/* Begin PBXProject section */
		68272A6D2608E8D000041242 /* Project object */ = {
			isa = PBXProject;
			attributes = {
				LastSwiftUpdateCheck = 1240;
				LastUpgradeCheck = 1240;
				TargetAttributes = {
					68272A742608E8D000041242 = {
						CreatedOnToolsVersion = 12.4;
					};
					68272A852608E8D100041242 = {
						CreatedOnToolsVersion = 12.4;
						TestTargetID = 68272A742608E8D000041242;
					};
					68272A902608E8D100041242 = {
						CreatedOnToolsVersion = 12.4;
						TestTargetID = 68272A742608E8D000041242;
					};
				};
			};
			buildConfigurationList = 68272A702608E8D000041242 /* Build configuration list for PBXProject "JukeBox" */;
			compatibilityVersion = "Xcode 9.3";
			developmentRegion = en;
			hasScannedForEncodings = 0;
			knownRegions = (
				en,
				Base,
			);
			mainGroup = 68272A6C2608E8D000041242;
			productRefGroup = 68272A762608E8D000041242 /* Products */;
			projectDirPath = "";
			projectRoot = "";
			targets = (
				68272A742608E8D000041242 /* JukeBox */,
				68272A852608E8D100041242 /* JukeBoxTests */,
				68272A902608E8D100041242 /* JukeBoxUITests */,
			);
		};
/* End PBXProject section */

/* Begin PBXResourcesBuildPhase section */
		68272A732608E8D000041242 /* Resources */ = {
			isa = PBXResourcesBuildPhase;
			buildActionMask = 2147483647;
			files = (
				68272A802608E8D100041242 /* Preview Assets.xcassets in Resources */,
				68272A7D2608E8D100041242 /* Assets.xcassets in Resources */,
			);
			runOnlyForDeploymentPostprocessing = 0;
		};
		68272A842608E8D100041242 /* Resources */ = {
			isa = PBXResourcesBuildPhase;
			buildActionMask = 2147483647;
			files = (
			);
			runOnlyForDeploymentPostprocessing = 0;
		};
		68272A8F2608E8D100041242 /* Resources */ = {
			isa = PBXResourcesBuildPhase;
			buildActionMask = 2147483647;
			files = (
			);
			runOnlyForDeploymentPostprocessing = 0;
		};
/* End PBXResourcesBuildPhase section */

/* Begin PBXSourcesBuildPhase section */
		68272A712608E8D000041242 /* Sources */ = {
			isa = PBXSourcesBuildPhase;
			buildActionMask = 2147483647;
			files = (
				68272A7B2608E8D000041242 /* ContentView.swift in Sources */,
				68272A792608E8D000041242 /* JukeBoxApp.swift in Sources */,
			);
			runOnlyForDeploymentPostprocessing = 0;
		};
		68272A822608E8D100041242 /* Sources */ = {
			isa = PBXSourcesBuildPhase;
			buildActionMask = 2147483647;
			files = (
				68272A8B2608E8D100041242 /* JukeBoxTests.swift in Sources */,
			);
			runOnlyForDeploymentPostprocessing = 0;
		};
		68272A8D2608E8D100041242 /* Sources */ = {
			isa = PBXSourcesBuildPhase;
			buildActionMask = 2147483647;
			files = (
				68272A962608E8D100041242 /* JukeBoxUITests.swift in Sources */,
			);
			runOnlyForDeploymentPostprocessing = 0;
		};
/* End PBXSourcesBuildPhase section */

/* Begin PBXTargetDependency section */
		68272A882608E8D100041242 /* PBXTargetDependency */ = {
			isa = PBXTargetDependency;
			target = 68272A742608E8D000041242 /* JukeBox */;
			targetProxy = 68272A872608E8D100041242 /* PBXContainerItemProxy */;
		};
		68272A932608E8D100041242 /* PBXTargetDependency */ = {
			isa = PBXTargetDependency;
			target = 68272A742608E8D000041242 /* JukeBox */;
			targetProxy = 68272A922608E8D100041242 /* PBXContainerItemProxy */;
		};
/* End PBXTargetDependency section */

/* Begin XCBuildConfiguration section */
		68272A982608E8D100041242 /* Debug */ = {
			isa = XCBuildConfiguration;
			buildSettings = {
				ALWAYS_SEARCH_USER_PATHS = NO;
				CLANG_ANALYZER_NONNULL = YES;
				CLANG_ANALYZER_NUMBER_OBJECT_CONVERSION = YES_AGGRESSIVE;
				CLANG_CXX_LANGUAGE_STANDARD = "gnu++14";
				CLANG_CXX_LIBRARY = "libc++";
				CLANG_ENABLE_MODULES = YES;
				CLANG_ENABLE_OBJC_ARC = YES;
				CLANG_ENABLE_OBJC_WEAK = YES;
				CLANG_WARN_BLOCK_CAPTURE_AUTORELEASING = YES;
				CLANG_WARN_BOOL_CONVERSION = YES;
				CLANG_WARN_COMMA = YES;
				CLANG_WARN_CONSTANT_CONVERSION = YES;
				CLANG_WARN_DEPRECATED_OBJC_IMPLEMENTATIONS = YES;
				CLANG_WARN_DIRECT_OBJC_ISA_USAGE = YES_ERROR;
				CLANG_WARN_DOCUMENTATION_COMMENTS = YES;
				CLANG_WARN_EMPTY_BODY = YES;
				CLANG_WARN_ENUM_CONVERSION = YES;
				CLANG_WARN_INFINITE_RECURSION = YES;
				CLANG_WARN_INT_CONVERSION = YES;
				CLANG_WARN_NON_LITERAL_NULL_CONVERSION = YES;
				CLANG_WARN_OBJC_IMPLICIT_RETAIN_SELF = YES;
				CLANG_WARN_OBJC_LITERAL_CONVERSION = YES;
				CLANG_WARN_OBJC_ROOT_CLASS = YES_ERROR;
				CLANG_WARN_QUOTED_INCLUDE_IN_FRAMEWORK_HEADER = YES;
				CLANG_WARN_RANGE_LOOP_ANALYSIS = YES;
				CLANG_WARN_STRICT_PROTOTYPES = YES;
				CLANG_WARN_SUSPICIOUS_MOVE = YES;
				CLANG_WARN_UNGUARDED_AVAILABILITY = YES_AGGRESSIVE;
				CLANG_WARN_UNREACHABLE_CODE = YES;
				CLANG_WARN__DUPLICATE_METHOD_MATCH = YES;
				COPY_PHASE_STRIP = NO;
				DEBUG_INFORMATION_FORMAT = dwarf;
				ENABLE_STRICT_OBJC_MSGSEND = YES;
				ENABLE_TESTABILITY = YES;
				GCC_C_LANGUAGE_STANDARD = gnu11;
				GCC_DYNAMIC_NO_PIC = NO;
				GCC_NO_COMMON_BLOCKS = YES;
				GCC_OPTIMIZATION_LEVEL = 0;
				GCC_PREPROCESSOR_DEFINITIONS = (
					"DEBUG=1",
					"$(inherited)",
				);
				GCC_WARN_64_TO_32_BIT_CONVERSION = YES;
				GCC_WARN_ABOUT_RETURN_TYPE = YES_ERROR;
				GCC_WARN_UNDECLARED_SELECTOR = YES;
				GCC_WARN_UNINITIALIZED_AUTOS = YES_AGGRESSIVE;
				GCC_WARN_UNUSED_FUNCTION = YES;
				GCC_WARN_UNUSED_VARIABLE = YES;
				IPHONEOS_DEPLOYMENT_TARGET = 14.4;
				MTL_ENABLE_DEBUG_INFO = INCLUDE_SOURCE;
				MTL_FAST_MATH = YES;
				ONLY_ACTIVE_ARCH = YES;
				SDKROOT = iphoneos;
				SWIFT_ACTIVE_COMPILATION_CONDITIONS = DEBUG;
				SWIFT_OPTIMIZATION_LEVEL = "-Onone";
			};
			name = Debug;
		};
		68272A992608E8D100041242 /* Release */ = {
			isa = XCBuildConfiguration;
			buildSettings = {
				ALWAYS_SEARCH_USER_PATHS = NO;
				CLANG_ANALYZER_NONNULL = YES;
				CLANG_ANALYZER_NUMBER_OBJECT_CONVERSION = YES_AGGRESSIVE;
				CLANG_CXX_LANGUAGE_STANDARD = "gnu++14";
				CLANG_CXX_LIBRARY = "libc++";
				CLANG_ENABLE_MODULES = YES;
				CLANG_ENABLE_OBJC_ARC = YES;
				CLANG_ENABLE_OBJC_WEAK = YES;
				CLANG_WARN_BLOCK_CAPTURE_AUTORELEASING = YES;
				CLANG_WARN_BOOL_CONVERSION = YES;
				CLANG_WARN_COMMA = YES;
				CLANG_WARN_CONSTANT_CONVERSION = YES;
				CLANG_WARN_DEPRECATED_OBJC_IMPLEMENTATIONS = YES;
				CLANG_WARN_DIRECT_OBJC_ISA_USAGE = YES_ERROR;
				CLANG_WARN_DOCUMENTATION_COMMENTS = YES;
				CLANG_WARN_EMPTY_BODY = YES;
				CLANG_WARN_ENUM_CONVERSION = YES;
				CLANG_WARN_INFINITE_RECURSION = YES;
				CLANG_WARN_INT_CONVERSION = YES;
				CLANG_WARN_NON_LITERAL_NULL_CONVERSION = YES;
				CLANG_WARN_OBJC_IMPLICIT_RETAIN_SELF = YES;
				CLANG_WARN_OBJC_LITERAL_CONVERSION = YES;
				CLANG_WARN_OBJC_ROOT_CLASS = YES_ERROR;
				CLANG_WARN_QUOTED_INCLUDE_IN_FRAMEWORK_HEADER = YES;
				CLANG_WARN_RANGE_LOOP_ANALYSIS = YES;
				CLANG_WARN_STRICT_PROTOTYPES = YES;
				CLANG_WARN_SUSPICIOUS_MOVE = YES;
				CLANG_WARN_UNGUARDED_AVAILABILITY = YES_AGGRESSIVE;
				CLANG_WARN_UNREACHABLE_CODE = YES;
				CLANG_WARN__DUPLICATE_METHOD_MATCH = YES;
				COPY_PHASE_STRIP = NO;
				DEBUG_INFORMATION_FORMAT = "dwarf-with-dsym";
				ENABLE_NS_ASSERTIONS = NO;
				ENABLE_STRICT_OBJC_MSGSEND = YES;
				GCC_C_LANGUAGE_STANDARD = gnu11;
				GCC_NO_COMMON_BLOCKS = YES;
				GCC_WARN_64_TO_32_BIT_CONVERSION = YES;
				GCC_WARN_ABOUT_RETURN_TYPE = YES_ERROR;
				GCC_WARN_UNDECLARED_SELECTOR = YES;
				GCC_WARN_UNINITIALIZED_AUTOS = YES_AGGRESSIVE;
				GCC_WARN_UNUSED_FUNCTION = YES;
				GCC_WARN_UNUSED_VARIABLE = YES;
				IPHONEOS_DEPLOYMENT_TARGET = 14.4;
				MTL_ENABLE_DEBUG_INFO = NO;
				MTL_FAST_MATH = YES;
				SDKROOT = iphoneos;
				SWIFT_COMPILATION_MODE = wholemodule;
				SWIFT_OPTIMIZATION_LEVEL = "-O";
				VALIDATE_PRODUCT = YES;
			};
			name = Release;
		};
		68272A9B2608E8D100041242 /* Debug */ = {
			isa = XCBuildConfiguration;
			buildSettings = {
				ASSETCATALOG_COMPILER_APPICON_NAME = AppIcon;
				ASSETCATALOG_COMPILER_GLOBAL_ACCENT_COLOR_NAME = AccentColor;
				CODE_SIGN_STYLE = Automatic;
				DEVELOPMENT_ASSET_PATHS = "\"JukeBox/Preview Content\"";
				DEVELOPMENT_TEAM = 3C2LH55395;
				ENABLE_PREVIEWS = YES;
				INFOPLIST_FILE = JukeBox/Info.plist;
				IPHONEOS_DEPLOYMENT_TARGET = 14.0;
				LD_RUNPATH_SEARCH_PATHS = (
					"$(inherited)",
					"@executable_path/Frameworks",
				);
				PRODUCT_BUNDLE_IDENTIFIER = com.andreasmarsh.JukeBox;
				PRODUCT_NAME = "$(TARGET_NAME)";
				SWIFT_VERSION = 5.0;
				TARGETED_DEVICE_FAMILY = "1,2";
			};
			name = Debug;
		};
		68272A9C2608E8D100041242 /* Release */ = {
			isa = XCBuildConfiguration;
			buildSettings = {
				ASSETCATALOG_COMPILER_APPICON_NAME = AppIcon;
				ASSETCATALOG_COMPILER_GLOBAL_ACCENT_COLOR_NAME = AccentColor;
				CODE_SIGN_STYLE = Automatic;
				DEVELOPMENT_ASSET_PATHS = "\"JukeBox/Preview Content\"";
				DEVELOPMENT_TEAM = 3C2LH55395;
				ENABLE_PREVIEWS = YES;
				INFOPLIST_FILE = JukeBox/Info.plist;
				IPHONEOS_DEPLOYMENT_TARGET = 14.0;
				LD_RUNPATH_SEARCH_PATHS = (
					"$(inherited)",
					"@executable_path/Frameworks",
				);
				PRODUCT_BUNDLE_IDENTIFIER = com.andreasmarsh.JukeBox;
				PRODUCT_NAME = "$(TARGET_NAME)";
				SWIFT_VERSION = 5.0;
				TARGETED_DEVICE_FAMILY = "1,2";
			};
			name = Release;
		};
		68272A9E2608E8D100041242 /* Debug */ = {
			isa = XCBuildConfiguration;
			buildSettings = {
				ALWAYS_EMBED_SWIFT_STANDARD_LIBRARIES = YES;
				BUNDLE_LOADER = "$(TEST_HOST)";
				CODE_SIGN_STYLE = Automatic;
				DEVELOPMENT_TEAM = 3C2LH55395;
				INFOPLIST_FILE = JukeBoxTests/Info.plist;
				IPHONEOS_DEPLOYMENT_TARGET = 14.0;
				LD_RUNPATH_SEARCH_PATHS = (
					"$(inherited)",
					"@executable_path/Frameworks",
					"@loader_path/Frameworks",
				);
				PRODUCT_BUNDLE_IDENTIFIER = com.andreasmarsh.JukeBoxTests;
				PRODUCT_NAME = "$(TARGET_NAME)";
				SWIFT_VERSION = 5.0;
				TARGETED_DEVICE_FAMILY = "1,2";
				TEST_HOST = "$(BUILT_PRODUCTS_DIR)/JukeBox.app/JukeBox";
			};
			name = Debug;
		};
		68272A9F2608E8D100041242 /* Release */ = {
			isa = XCBuildConfiguration;
			buildSettings = {
				ALWAYS_EMBED_SWIFT_STANDARD_LIBRARIES = YES;
				BUNDLE_LOADER = "$(TEST_HOST)";
				CODE_SIGN_STYLE = Automatic;
				DEVELOPMENT_TEAM = 3C2LH55395;
				INFOPLIST_FILE = JukeBoxTests/Info.plist;
				IPHONEOS_DEPLOYMENT_TARGET = 14.0;
				LD_RUNPATH_SEARCH_PATHS = (
					"$(inherited)",
					"@executable_path/Frameworks",
					"@loader_path/Frameworks",
				);
				PRODUCT_BUNDLE_IDENTIFIER = com.andreasmarsh.JukeBoxTests;
				PRODUCT_NAME = "$(TARGET_NAME)";
				SWIFT_VERSION = 5.0;
				TARGETED_DEVICE_FAMILY = "1,2";
				TEST_HOST = "$(BUILT_PRODUCTS_DIR)/JukeBox.app/JukeBox";
			};
			name = Release;
		};
		68272AA12608E8D100041242 /* Debug */ = {
			isa = XCBuildConfiguration;
			buildSettings = {
				ALWAYS_EMBED_SWIFT_STANDARD_LIBRARIES = YES;
				CODE_SIGN_STYLE = Automatic;
				DEVELOPMENT_TEAM = 3C2LH55395;
				INFOPLIST_FILE = JukeBoxUITests/Info.plist;
				LD_RUNPATH_SEARCH_PATHS = (
					"$(inherited)",
					"@executable_path/Frameworks",
					"@loader_path/Frameworks",
				);
				PRODUCT_BUNDLE_IDENTIFIER = com.andreasmarsh.JukeBoxUITests;
				PRODUCT_NAME = "$(TARGET_NAME)";
				SWIFT_VERSION = 5.0;
				TARGETED_DEVICE_FAMILY = "1,2";
				TEST_TARGET_NAME = JukeBox;
			};
			name = Debug;
		};
		68272AA22608E8D100041242 /* Release */ = {
			isa = XCBuildConfiguration;
			buildSettings = {
				ALWAYS_EMBED_SWIFT_STANDARD_LIBRARIES = YES;
				CODE_SIGN_STYLE = Automatic;
				DEVELOPMENT_TEAM = 3C2LH55395;
				INFOPLIST_FILE = JukeBoxUITests/Info.plist;
				LD_RUNPATH_SEARCH_PATHS = (
					"$(inherited)",
					"@executable_path/Frameworks",
					"@loader_path/Frameworks",
				);
				PRODUCT_BUNDLE_IDENTIFIER = com.andreasmarsh.JukeBoxUITests;
				PRODUCT_NAME = "$(TARGET_NAME)";
				SWIFT_VERSION = 5.0;
				TARGETED_DEVICE_FAMILY = "1,2";
				TEST_TARGET_NAME = JukeBox;
			};
			name = Release;
		};
/* End XCBuildConfiguration section */

/* Begin XCConfigurationList section */
		68272A702608E8D000041242 /* Build configuration list for PBXProject "JukeBox" */ = {
			isa = XCConfigurationList;
			buildConfigurations = (
				68272A982608E8D100041242 /* Debug */,
				68272A992608E8D100041242 /* Release */,
			);
			defaultConfigurationIsVisible = 0;
			defaultConfigurationName = Release;
		};
		68272A9A2608E8D100041242 /* Build configuration list for PBXNativeTarget "JukeBox" */ = {
			isa = XCConfigurationList;
			buildConfigurations = (
				68272A9B2608E8D100041242 /* Debug */,
				68272A9C2608E8D100041242 /* Release */,
			);
			defaultConfigurationIsVisible = 0;
			defaultConfigurationName = Release;
		};
		68272A9D2608E8D100041242 /* Build configuration list for PBXNativeTarget "JukeBoxTests" */ = {
			isa = XCConfigurationList;
			buildConfigurations = (
				68272A9E2608E8D100041242 /* Debug */,
				68272A9F2608E8D100041242 /* Release */,
			);
			defaultConfigurationIsVisible = 0;
			defaultConfigurationName = Release;
		};
		68272AA02608E8D100041242 /* Build configuration list for PBXNativeTarget "JukeBoxUITests" */ = {
			isa = XCConfigurationList;
			buildConfigurations = (
				68272AA12608E8D100041242 /* Debug */,
				68272AA22608E8D100041242 /* Release */,
			);
			defaultConfigurationIsVisible = 0;
			defaultConfigurationName = Release;
		};
/* End XCConfigurationList section */
	};
	rootObject = 68272A6D2608E8D000041242 /* Project object */;
}
